
Microsoft Visual Studio Solution File, Format Version 12.00
# Visual Studio Version 17
VisualStudioVersion = 17.8.34330.188
MinimumVisualStudioVersion = 10.0.40219.1
Project("{FAE04EC0-301F-11D3-BF4B-00C04F79EFBC}") = "web-api-demo", "web-api-demo\web-api-demo.csproj", "{6F3AEF2B-4343-48C6-8054-D619EBBF655D}"
EndProject
Global
	GlobalSection(SolutionConfigurationPlatforms) = preSolution
		Debug|Any CPU = Debug|Any CPU
		Release|Any CPU = Release|Any CPU
	EndGlobalSection
	GlobalSection(ProjectConfigurationPlatforms) = postSolution
		{6F3AEF2B-4343-48C6-8054-D619EBBF655D}.Debug|Any CPU.ActiveCfg = Debug|Any CPU
		{6F3AEF2B-4343-48C6-8054-D619EBBF655D}.Debug|Any CPU.Build.0 = Debug|Any CPU
		{6F3AEF2B-4343-48C6-8054-D619EBBF655D}.Release|Any CPU.ActiveCfg = Release|Any CPU
		{6F3AEF2B-4343-48C6-8054-D619EBBF655D}.Release|Any CPU.Build.0 = Release|Any CPU
	EndGlobalSection
	GlobalSection(SolutionProperties) = preSolution
		HideSolutionNode = FALSE
	EndGlobalSection
	GlobalSection(ExtensibilityGlobals) = postSolution
		SolutionGuid = {3040B767-A2D6-453F-AD70-0BFD14A68E38}
	EndGlobalSection
EndGlobal
